
Microsoft Visual Studio Solution File, Format Version 12.00
# Visual Studio Version 18
VisualStudioVersion = 18.3.11312.210
MinimumVisualStudioVersion = 10.0.40219.1
Project("{FAE04EC0-301F-11D3-BF4B-00C04F79EFBC}") = "wwtravelclub", "wwtravelclub\wwtravelclub.csproj", "{F69C1383-4B56-1EFE-A16F-F09C7A466D79}"
EndProject
Project("{FAE04EC0-301F-11D3-BF4B-00C04F79EFBC}") = "wwtravelclub.UnitTests", "wwtravelclub.UnitTests\wwtravelclub.UnitTests.csproj", "{36FA907C-3FA6-4E29-9EBA-FAB2D780098D}"
EndProject
Project("{FAE04EC0-301F-11D3-BF4B-00C04F79EFBC}") = "wwtravelclub.FunctionalTests", "wwtravelclub.FunctionalTests\wwtravelclub.FunctionalTests.csproj", "{9BE77331-1297-4E62-AAAB-4FBC44EE5194}"
EndProject
Global
	GlobalSection(SolutionConfigurationPlatforms) = preSolution
		Debug|Any CPU = Debug|Any CPU
		Debug|x64 = Debug|x64
		Debug|x86 = Debug|x86
		Release|Any CPU = Release|Any CPU
		Release|x64 = Release|x64
		Release|x86 = Release|x86
	EndGlobalSection
	GlobalSection(ProjectConfigurationPlatforms) = postSolution
		{F69C1383-4B56-1EFE-A16F-F09C7A466D79}.Debug|Any CPU.ActiveCfg = Debug|Any CPU
		{F69C1383-4B56-1EFE-A16F-F09C7A466D79}.Debug|Any CPU.Build.0 = Debug|Any CPU
		{F69C1383-4B56-1EFE-A16F-F09C7A466D79}.Debug|x64.ActiveCfg = Debug|Any CPU
		{F69C1383-4B56-1EFE-A16F-F09C7A466D79}.Debug|x64.Build.0 = Debug|Any CPU
		{F69C1383-4B56-1EFE-A16F-F09C7A466D79}.Debug|x86.ActiveCfg = Debug|Any CPU
		{F69C1383-4B56-1EFE-A16F-F09C7A466D79}.Debug|x86.Build.0 = Debug|Any CPU
		{F69C1383-4B56-1EFE-A16F-F09C7A466D79}.Release|Any CPU.ActiveCfg = Release|Any CPU
		{F69C1383-4B56-1EFE-A16F-F09C7A466D79}.Release|Any CPU.Build.0 = Release|Any CPU
		{F69C1383-4B56-1EFE-A16F-F09C7A466D79}.Release|x64.ActiveCfg = Release|Any CPU
		{F69C1383-4B56-1EFE-A16F-F09C7A466D79}.Release|x64.Build.0 = Release|Any CPU
		{F69C1383-4B56-1EFE-A16F-F09C7A466D79}.Release|x86.ActiveCfg = Release|Any CPU
		{F69C1383-4B56-1EFE-A16F-F09C7A466D79}.Release|x86.Build.0 = Release|Any CPU
		{36FA907C-3FA6-4E29-9EBA-FAB2D780098D}.Debug|Any CPU.ActiveCfg = Debug|Any CPU
		{36FA907C-3FA6-4E29-9EBA-FAB2D780098D}.Debug|Any CPU.Build.0 = Debug|Any CPU
		{36FA907C-3FA6-4E29-9EBA-FAB2D780098D}.Debug|x64.ActiveCfg = Debug|Any CPU
		{36FA907C-3FA6-4E29-9EBA-FAB2D780098D}.Debug|x64.Build.0 = Debug|Any CPU
		{36FA907C-3FA6-4E29-9EBA-FAB2D780098D}.Debug|x86.ActiveCfg = Debug|Any CPU
		{36FA907C-3FA6-4E29-9EBA-FAB2D780098D}.Debug|x86.Build.0 = Debug|Any CPU
		{36FA907C-3FA6-4E29-9EBA-FAB2D780098D}.Release|Any CPU.ActiveCfg = Release|Any CPU
		{36FA907C-3FA6-4E29-9EBA-FAB2D780098D}.Release|Any CPU.Build.0 = Release|Any CPU
		{36FA907C-3FA6-4E29-9EBA-FAB2D780098D}.Release|x64.ActiveCfg = Release|Any CPU
		{36FA907C-3FA6-4E29-9EBA-FAB2D780098D}.Release|x64.Build.0 = Release|Any CPU
		{36FA907C-3FA6-4E29-9EBA-FAB2D780098D}.Release|x86.ActiveCfg = Release|Any CPU
		{36FA907C-3FA6-4E29-9EBA-FAB2D780098D}.Release|x86.Build.0 = Release|Any CPU
		{9BE77331-1297-4E62-AAAB-4FBC44EE5194}.Debug|Any CPU.ActiveCfg = Debug|Any CPU
		{9BE77331-1297-4E62-AAAB-4FBC44EE5194}.Debug|Any CPU.Build.0 = Debug|Any CPU
		{9BE77331-1297-4E62-AAAB-4FBC44EE5194}.Debug|x64.ActiveCfg = Debug|Any CPU
		{9BE77331-1297-4E62-AAAB-4FBC44EE5194}.Debug|x64.Build.0 = Debug|Any CPU
		{9BE77331-1297-4E62-AAAB-4FBC44EE5194}.Debug|x86.ActiveCfg = Debug|Any CPU
		{9BE77331-1297-4E62-AAAB-4FBC44EE5194}.Debug|x86.Build.0 = Debug|Any CPU
		{9BE77331-1297-4E62-AAAB-4FBC44EE5194}.Release|Any CPU.ActiveCfg = Release|Any CPU
		{9BE77331-1297-4E62-AAAB-4FBC44EE5194}.Release|Any CPU.Build.0 = Release|Any CPU
		{9BE77331-1297-4E62-AAAB-4FBC44EE5194}.Release|x64.ActiveCfg = Release|Any CPU
		{9BE77331-1297-4E62-AAAB-4FBC44EE5194}.Release|x64.Build.0 = Release|Any CPU
		{9BE77331-1297-4E62-AAAB-4FBC44EE5194}.Release|x86.ActiveCfg = Release|Any CPU
		{9BE77331-1297-4E62-AAAB-4FBC44EE5194}.Release|x86.Build.0 = Release|Any CPU
	EndGlobalSection
	GlobalSection(SolutionProperties) = preSolution
		HideSolutionNode = FALSE
	EndGlobalSection
	GlobalSection(ExtensibilityGlobals) = postSolution
		SolutionGuid = {56E93345-0715-4FD5-B1D7-2CF64B4B411E}
	EndGlobalSection
EndGlobal
